// !$*UTF8*$!
{
	archiveVersion = 1;
	classes = {
	};
	objectVersion = 50;
	objects = {

/* Begin PBXBuildFile section */
		D80CC854251AAE52000C03E6 /* EQViewController.swift in Sources */ = {isa = PBXBuildFile; fileRef = D80CC853251AAE52000C03E6 /* EQViewController.swift */; };
		D80CC859251ABCE7000C03E6 /* AudioUnit.framework in Frameworks */ = {isa = PBXBuildFile; fileRef = D80CC858251ABCE7000C03E6 /* AudioUnit.framework */; };
		D80CC85B251ABCF2000C03E6 /* AVFoundation.framework in Frameworks */ = {isa = PBXBuildFile; fileRef = D80CC85A251ABCF2000C03E6 /* AVFoundation.framework */; };
		D80CC85D251ABCF8000C03E6 /* AVKit.framework in Frameworks */ = {isa = PBXBuildFile; fileRef = D80CC85C251ABCF8000C03E6 /* AVKit.framework */; };
		D84C4B32251BCCA4007D13E1 /* AudioToolbox.framework in Frameworks */ = {isa = PBXBuildFile; fileRef = D84C4B31251BCCA3007D13E1 /* AudioToolbox.framework */; };
		D8643DB1251E1A1900CCBF48 /* PlayerViewController.swift in Sources */ = {isa = PBXBuildFile; fileRef = D8643DB0251E1A1900CCBF48 /* PlayerViewController.swift */; };
		D8675C1F2521495000BC4FC5 /* SidebarTabViewController.swift in Sources */ = {isa = PBXBuildFile; fileRef = D8675C1E2521495000BC4FC5 /* SidebarTabViewController.swift */; };
		D8D18492251A35B5008BBEE3 /* AppDelegate.swift in Sources */ = {isa = PBXBuildFile; fileRef = D8D18491251A35B5008BBEE3 /* AppDelegate.swift */; };
		D8D18494251A35B5008BBEE3 /* ViewController.swift in Sources */ = {isa = PBXBuildFile; fileRef = D8D18493251A35B5008BBEE3 /* ViewController.swift */; };
		D8D18497251A35B5008BBEE3 /* VIB3.xcdatamodeld in Sources */ = {isa = PBXBuildFile; fileRef = D8D18495251A35B5008BBEE3 /* VIB3.xcdatamodeld */; };
		D8D18499251A35BE008BBEE3 /* Assets.xcassets in Resources */ = {isa = PBXBuildFile; fileRef = D8D18498251A35BE008BBEE3 /* Assets.xcassets */; };
		D8D1849C251A35BE008BBEE3 /* Main.storyboard in Resources */ = {isa = PBXBuildFile; fileRef = D8D1849A251A35BE008BBEE3 /* Main.storyboard */; };
		D8D184A8251A35BF008BBEE3 /* VIB3Tests.swift in Sources */ = {isa = PBXBuildFile; fileRef = D8D184A7251A35BF008BBEE3 /* VIB3Tests.swift */; };
		D8D184B3251A35BF008BBEE3 /* VIB3UITests.swift in Sources */ = {isa = PBXBuildFile; fileRef = D8D184B2251A35BF008BBEE3 /* VIB3UITests.swift */; };
		D8D184C1251A471E008BBEE3 /* MainViewController.swift in Sources */ = {isa = PBXBuildFile; fileRef = D8D184C0251A471E008BBEE3 /* MainViewController.swift */; };
/* End PBXBuildFile section */

/* Begin PBXContainerItemProxy section */
		D8D184A4251A35BE008BBEE3 /* PBXContainerItemProxy */ = {
			isa = PBXContainerItemProxy;
			containerPortal = D8D18486251A35B5008BBEE3 /* Project object */;
			proxyType = 1;
			remoteGlobalIDString = D8D1848D251A35B5008BBEE3;
			remoteInfo = VIB3;
		};
		D8D184AF251A35BF008BBEE3 /* PBXContainerItemProxy */ = {
			isa = PBXContainerItemProxy;
			containerPortal = D8D18486251A35B5008BBEE3 /* Project object */;
			proxyType = 1;
			remoteGlobalIDString = D8D1848D251A35B5008BBEE3;
			remoteInfo = VIB3;
		};
/* End PBXContainerItemProxy section */

/* Begin PBXFileReference section */
		D80CC853251AAE52000C03E6 /* EQViewController.swift */ = {isa = PBXFileReference; lastKnownFileType = sourcecode.swift; path = EQViewController.swift; sourceTree = "<group>"; };
		D80CC858251ABCE7000C03E6 /* AudioUnit.framework */ = {isa = PBXFileReference; lastKnownFileType = wrapper.framework; name = AudioUnit.framework; path = System/Library/Frameworks/AudioUnit.framework; sourceTree = SDKROOT; };
		D80CC85A251ABCF2000C03E6 /* AVFoundation.framework */ = {isa = PBXFileReference; lastKnownFileType = wrapper.framework; name = AVFoundation.framework; path = System/Library/Frameworks/AVFoundation.framework; sourceTree = SDKROOT; };
		D80CC85C251ABCF8000C03E6 /* AVKit.framework */ = {isa = PBXFileReference; lastKnownFileType = wrapper.framework; name = AVKit.framework; path = System/Library/Frameworks/AVKit.framework; sourceTree = SDKROOT; };
		D84C4B31251BCCA3007D13E1 /* AudioToolbox.framework */ = {isa = PBXFileReference; lastKnownFileType = wrapper.framework; name = AudioToolbox.framework; path = System/Library/Frameworks/AudioToolbox.framework; sourceTree = SDKROOT; };
		D8643DB0251E1A1900CCBF48 /* PlayerViewController.swift */ = {isa = PBXFileReference; lastKnownFileType = sourcecode.swift; path = PlayerViewController.swift; sourceTree = "<group>"; };
		D8675C1E2521495000BC4FC5 /* SidebarTabViewController.swift */ = {isa = PBXFileReference; lastKnownFileType = sourcecode.swift; path = SidebarTabViewController.swift; sourceTree = "<group>"; };
		D8D1848E251A35B5008BBEE3 /* VIB3.app */ = {isa = PBXFileReference; explicitFileType = wrapper.application; includeInIndex = 0; path = VIB3.app; sourceTree = BUILT_PRODUCTS_DIR; };
		D8D18491251A35B5008BBEE3 /* AppDelegate.swift */ = {isa = PBXFileReference; lastKnownFileType = sourcecode.swift; path = AppDelegate.swift; sourceTree = "<group>"; };
		D8D18493251A35B5008BBEE3 /* ViewController.swift */ = {isa = PBXFileReference; lastKnownFileType = sourcecode.swift; path = ViewController.swift; sourceTree = "<group>"; };
		D8D18496251A35B5008BBEE3 /* VIB3.xcdatamodel */ = {isa = PBXFileReference; lastKnownFileType = wrapper.xcdatamodel; path = VIB3.xcdatamodel; sourceTree = "<group>"; };
		D8D18498251A35BE008BBEE3 /* Assets.xcassets */ = {isa = PBXFileReference; lastKnownFileType = folder.assetcatalog; path = Assets.xcassets; sourceTree = "<group>"; };
		D8D1849B251A35BE008BBEE3 /* Base */ = {isa = PBXFileReference; lastKnownFileType = file.storyboard; name = Base; path = Base.lproj/Main.storyboard; sourceTree = "<group>"; };
		D8D1849D251A35BE008BBEE3 /* Info.plist */ = {isa = PBXFileReference; lastKnownFileType = text.plist.xml; path = Info.plist; sourceTree = "<group>"; };
		D8D1849E251A35BE008BBEE3 /* VIB3.entitlements */ = {isa = PBXFileReference; lastKnownFileType = text.plist.entitlements; path = VIB3.entitlements; sourceTree = "<group>"; };
		D8D184A3251A35BE008BBEE3 /* VIB3Tests.xctest */ = {isa = PBXFileReference; explicitFileType = wrapper.cfbundle; includeInIndex = 0; path = VIB3Tests.xctest; sourceTree = BUILT_PRODUCTS_DIR; };
		D8D184A7251A35BF008BBEE3 /* VIB3Tests.swift */ = {isa = PBXFileReference; lastKnownFileType = sourcecode.swift; path = VIB3Tests.swift; sourceTree = "<group>"; };
		D8D184A9251A35BF008BBEE3 /* Info.plist */ = {isa = PBXFileReference; lastKnownFileType = text.plist.xml; path = Info.plist; sourceTree = "<group>"; };
		D8D184AE251A35BF008BBEE3 /* VIB3UITests.xctest */ = {isa = PBXFileReference; explicitFileType = wrapper.cfbundle; includeInIndex = 0; path = VIB3UITests.xctest; sourceTree = BUILT_PRODUCTS_DIR; };
		D8D184B2251A35BF008BBEE3 /* VIB3UITests.swift */ = {isa = PBXFileReference; lastKnownFileType = sourcecode.swift; path = VIB3UITests.swift; sourceTree = "<group>"; };
		D8D184B4251A35BF008BBEE3 /* Info.plist */ = {isa = PBXFileReference; lastKnownFileType = text.plist.xml; path = Info.plist; sourceTree = "<group>"; };
		D8D184C0251A471E008BBEE3 /* MainViewController.swift */ = {isa = PBXFileReference; lastKnownFileType = sourcecode.swift; path = MainViewController.swift; sourceTree = "<group>"; };
/* End PBXFileReference section */

/* Begin PBXFrameworksBuildPhase section */
		D8D1848B251A35B5008BBEE3 /* Frameworks */ = {
			isa = PBXFrameworksBuildPhase;
			buildActionMask = 2147483647;
			files = (
				D80CC85B251ABCF2000C03E6 /* AVFoundation.framework in Frameworks */,
				D80CC859251ABCE7000C03E6 /* AudioUnit.framework in Frameworks */,
				D80CC85D251ABCF8000C03E6 /* AVKit.framework in Frameworks */,
				D84C4B32251BCCA4007D13E1 /* AudioToolbox.framework in Frameworks */,
			);
			runOnlyForDeploymentPostprocessing = 0;
		};
		D8D184A0251A35BE008BBEE3 /* Frameworks */ = {
			isa = PBXFrameworksBuildPhase;
			buildActionMask = 2147483647;
			files = (
			);
			runOnlyForDeploymentPostprocessing = 0;
		};
		D8D184AB251A35BF008BBEE3 /* Frameworks */ = {
			isa = PBXFrameworksBuildPhase;
			buildActionMask = 2147483647;
			files = (
			);
			runOnlyForDeploymentPostprocessing = 0;
		};
/* End PBXFrameworksBuildPhase section */

/* Begin PBXGroup section */
		D80CC857251ABCE7000C03E6 /* Frameworks */ = {
			isa = PBXGroup;
			children = (
				D84C4B31251BCCA3007D13E1 /* AudioToolbox.framework */,
				D80CC85C251ABCF8000C03E6 /* AVKit.framework */,
				D80CC85A251ABCF2000C03E6 /* AVFoundation.framework */,
				D80CC858251ABCE7000C03E6 /* AudioUnit.framework */,
			);
			name = Frameworks;
			sourceTree = "<group>";
		};
		D8D18485251A35B5008BBEE3 = {
			isa = PBXGroup;
			children = (
				D8D18490251A35B5008BBEE3 /* VIB3 */,
				D8D184A6251A35BF008BBEE3 /* VIB3Tests */,
				D8D184B1251A35BF008BBEE3 /* VIB3UITests */,
				D8D1848F251A35B5008BBEE3 /* Products */,
				D80CC857251ABCE7000C03E6 /* Frameworks */,
			);
			sourceTree = "<group>";
		};
		D8D1848F251A35B5008BBEE3 /* Products */ = {
			isa = PBXGroup;
			children = (
				D8D1848E251A35B5008BBEE3 /* VIB3.app */,
				D8D184A3251A35BE008BBEE3 /* VIB3Tests.xctest */,
				D8D184AE251A35BF008BBEE3 /* VIB3UITests.xctest */,
			);
			name = Products;
			sourceTree = "<group>";
		};
		D8D18490251A35B5008BBEE3 /* VIB3 */ = {
			isa = PBXGroup;
			children = (
				D8D18491251A35B5008BBEE3 /* AppDelegate.swift */,
				D8675C1E2521495000BC4FC5 /* SidebarTabViewController.swift */,
				D8D18493251A35B5008BBEE3 /* ViewController.swift */,
				D8D18498251A35BE008BBEE3 /* Assets.xcassets */,
				D80CC853251AAE52000C03E6 /* EQViewController.swift */,
				D8D1849A251A35BE008BBEE3 /* Main.storyboard */,
				D8643DB0251E1A1900CCBF48 /* PlayerViewController.swift */,
				D8D184C0251A471E008BBEE3 /* MainViewController.swift */,
				D8D1849D251A35BE008BBEE3 /* Info.plist */,
				D8D1849E251A35BE008BBEE3 /* VIB3.entitlements */,
				D8D18495251A35B5008BBEE3 /* VIB3.xcdatamodeld */,
			);
			path = VIB3;
			sourceTree = "<group>";
		};
		D8D184A6251A35BF008BBEE3 /* VIB3Tests */ = {
			isa = PBXGroup;
			children = (
				D8D184A7251A35BF008BBEE3 /* VIB3Tests.swift */,
				D8D184A9251A35BF008BBEE3 /* Info.plist */,
			);
			path = VIB3Tests;
			sourceTree = "<group>";
		};
		D8D184B1251A35BF008BBEE3 /* VIB3UITests */ = {
			isa = PBXGroup;
			children = (
				D8D184B2251A35BF008BBEE3 /* VIB3UITests.swift */,
				D8D184B4251A35BF008BBEE3 /* Info.plist */,
			);
			path = VIB3UITests;
			sourceTree = "<group>";
		};
/* End PBXGroup section */

/* Begin PBXNativeTarget section */
		D8D1848D251A35B5008BBEE3 /* VIB3 */ = {
			isa = PBXNativeTarget;
			buildConfigurationList = D8D184B7251A35BF008BBEE3 /* Build configuration list for PBXNativeTarget "VIB3" */;
			buildPhases = (
				D8D1848A251A35B5008BBEE3 /* Sources */,
				D8D1848B251A35B5008BBEE3 /* Frameworks */,
				D8D1848C251A35B5008BBEE3 /* Resources */,
			);
			buildRules = (
			);
			dependencies = (
			);
			name = VIB3;
			productName = VIB3;
			productReference = D8D1848E251A35B5008BBEE3 /* VIB3.app */;
			productType = "com.apple.product-type.application";
		};
		D8D184A2251A35BE008BBEE3 /* VIB3Tests */ = {
			isa = PBXNativeTarget;
			buildConfigurationList = D8D184BA251A35BF008BBEE3 /* Build configuration list for PBXNativeTarget "VIB3Tests" */;
			buildPhases = (
				D8D1849F251A35BE008BBEE3 /* Sources */,
				D8D184A0251A35BE008BBEE3 /* Frameworks */,
				D8D184A1251A35BE008BBEE3 /* Resources */,
			);
			buildRules = (
			);
			dependencies = (
				D8D184A5251A35BE008BBEE3 /* PBXTargetDependency */,
			);
			name = VIB3Tests;
			productName = VIB3Tests;
			productReference = D8D184A3251A35BE008BBEE3 /* VIB3Tests.xctest */;
			productType = "com.apple.product-type.bundle.unit-test";
		};
		D8D184AD251A35BF008BBEE3 /* VIB3UITests */ = {
			isa = PBXNativeTarget;
			buildConfigurationList = D8D184BD251A35BF008BBEE3 /* Build configuration list for PBXNativeTarget "VIB3UITests" */;
			buildPhases = (
				D8D184AA251A35BF008BBEE3 /* Sources */,
				D8D184AB251A35BF008BBEE3 /* Frameworks */,
				D8D184AC251A35BF008BBEE3 /* Resources */,
			);
			buildRules = (
			);
			dependencies = (
				D8D184B0251A35BF008BBEE3 /* PBXTargetDependency */,
			);
			name = VIB3UITests;
			productName = VIB3UITests;
			productReference = D8D184AE251A35BF008BBEE3 /* VIB3UITests.xctest */;
			productType = "com.apple.product-type.bundle.ui-testing";
		};
/* End PBXNativeTarget section */

/* Begin PBXProject section */
		D8D18486251A35B5008BBEE3 /* Project object */ = {
			isa = PBXProject;
			attributes = {
				LastSwiftUpdateCheck = 1150;
				LastUpgradeCheck = 1150;
				ORGANIZATIONNAME = Corectic;
				TargetAttributes = {
					D8D1848D251A35B5008BBEE3 = {
						CreatedOnToolsVersion = 11.5;
					};
					D8D184A2251A35BE008BBEE3 = {
						CreatedOnToolsVersion = 11.5;
						TestTargetID = D8D1848D251A35B5008BBEE3;
					};
					D8D184AD251A35BF008BBEE3 = {
						CreatedOnToolsVersion = 11.5;
						TestTargetID = D8D1848D251A35B5008BBEE3;
					};
				};
			};
			buildConfigurationList = D8D18489251A35B5008BBEE3 /* Build configuration list for PBXProject "VIB3" */;
			compatibilityVersion = "Xcode 9.3";
			developmentRegion = en;
			hasScannedForEncodings = 0;
			knownRegions = (
				en,
				Base,
			);
			mainGroup = D8D18485251A35B5008BBEE3;
			productRefGroup = D8D1848F251A35B5008BBEE3 /* Products */;
			projectDirPath = "";
			projectRoot = "";
			targets = (
				D8D1848D251A35B5008BBEE3 /* VIB3 */,
				D8D184A2251A35BE008BBEE3 /* VIB3Tests */,
				D8D184AD251A35BF008BBEE3 /* VIB3UITests */,
			);
		};
/* End PBXProject section */

/* Begin PBXResourcesBuildPhase section */
		D8D1848C251A35B5008BBEE3 /* Resources */ = {
			isa = PBXResourcesBuildPhase;
			buildActionMask = 2147483647;
			files = (
				D8D18499251A35BE008BBEE3 /* Assets.xcassets in Resources */,
				D8D1849C251A35BE008BBEE3 /* Main.storyboard in Resources */,
			);
			runOnlyForDeploymentPostprocessing = 0;
		};
		D8D184A1251A35BE008BBEE3 /* Resources */ = {
			isa = PBXResourcesBuildPhase;
			buildActionMask = 2147483647;
			files = (
			);
			runOnlyForDeploymentPostprocessing = 0;
		};
		D8D184AC251A35BF008BBEE3 /* Resources */ = {
			isa = PBXResourcesBuildPhase;
			buildActionMask = 2147483647;
			files = (
			);
			runOnlyForDeploymentPostprocessing = 0;
		};
/* End PBXResourcesBuildPhase section */

/* Begin PBXSourcesBuildPhase section */
		D8D1848A251A35B5008BBEE3 /* Sources */ = {
			isa = PBXSourcesBuildPhase;
			buildActionMask = 2147483647;
			files = (
				D8D18497251A35B5008BBEE3 /* VIB3.xcdatamodeld in Sources */,
				D8D18494251A35B5008BBEE3 /* ViewController.swift in Sources */,
				D80CC854251AAE52000C03E6 /* EQViewController.swift in Sources */,
				D8D18492251A35B5008BBEE3 /* AppDelegate.swift in Sources */,
				D8675C1F2521495000BC4FC5 /* SidebarTabViewController.swift in Sources */,
				D8D184C1251A471E008BBEE3 /* MainViewController.swift in Sources */,
				D8643DB1251E1A1900CCBF48 /* PlayerViewController.swift in Sources */,
			);
			runOnlyForDeploymentPostprocessing = 0;
		};
		D8D1849F251A35BE008BBEE3 /* Sources */ = {
			isa = PBXSourcesBuildPhase;
			buildActionMask = 2147483647;
			files = (
				D8D184A8251A35BF008BBEE3 /* VIB3Tests.swift in Sources */,
			);
			runOnlyForDeploymentPostprocessing = 0;
		};
		D8D184AA251A35BF008BBEE3 /* Sources */ = {
			isa = PBXSourcesBuildPhase;
			buildActionMask = 2147483647;
			files = (
				D8D184B3251A35BF008BBEE3 /* VIB3UITests.swift in Sources */,
			);
			runOnlyForDeploymentPostprocessing = 0;
		};
/* End PBXSourcesBuildPhase section */

/* Begin PBXTargetDependency section */
		D8D184A5251A35BE008BBEE3 /* PBXTargetDependency */ = {
			isa = PBXTargetDependency;
			target = D8D1848D251A35B5008BBEE3 /* VIB3 */;
			targetProxy = D8D184A4251A35BE008BBEE3 /* PBXContainerItemProxy */;
		};
		D8D184B0251A35BF008BBEE3 /* PBXTargetDependency */ = {
			isa = PBXTargetDependency;
			target = D8D1848D251A35B5008BBEE3 /* VIB3 */;
			targetProxy = D8D184AF251A35BF008BBEE3 /* PBXContainerItemProxy */;
		};
/* End PBXTargetDependency section */

/* Begin PBXVariantGroup section */
		D8D1849A251A35BE008BBEE3 /* Main.storyboard */ = {
			isa = PBXVariantGroup;
			children = (
				D8D1849B251A35BE008BBEE3 /* Base */,
			);
			name = Main.storyboard;
			sourceTree = "<group>";
		};
/* End PBXVariantGroup section */

/* Begin XCBuildConfiguration section */
		D8D184B5251A35BF008BBEE3 /* Debug */ = {
			isa = XCBuildConfiguration;
			buildSettings = {
				ALWAYS_SEARCH_USER_PATHS = NO;
				CLANG_ANALYZER_NONNULL = YES;
				CLANG_ANALYZER_NUMBER_OBJECT_CONVERSION = YES_AGGRESSIVE;
				CLANG_CXX_LANGUAGE_STANDARD = "gnu++14";
				CLANG_CXX_LIBRARY = "libc++";
				CLANG_ENABLE_MODULES = YES;
				CLANG_ENABLE_OBJC_ARC = YES;
				CLANG_ENABLE_OBJC_WEAK = YES;
				CLANG_WARN_BLOCK_CAPTURE_AUTORELEASING = YES;
				CLANG_WARN_BOOL_CONVERSION = YES;
				CLANG_WARN_COMMA = YES;
				CLANG_WARN_CONSTANT_CONVERSION = YES;
				CLANG_WARN_DEPRECATED_OBJC_IMPLEMENTATIONS = YES;
				CLANG_WARN_DIRECT_OBJC_ISA_USAGE = YES_ERROR;
				CLANG_WARN_DOCUMENTATION_COMMENTS = YES;
				CLANG_WARN_EMPTY_BODY = YES;
				CLANG_WARN_ENUM_CONVERSION = YES;
				CLANG_WARN_INFINITE_RECURSION = YES;
				CLANG_WARN_INT_CONVERSION = YES;
				CLANG_WARN_NON_LITERAL_NULL_CONVERSION = YES;
				CLANG_WARN_OBJC_IMPLICIT_RETAIN_SELF = YES;
				CLANG_WARN_OBJC_LITERAL_CONVERSION = YES;
				CLANG_WARN_OBJC_ROOT_CLASS = YES_ERROR;
				CLANG_WARN_RANGE_LOOP_ANALYSIS = YES;
				CLANG_WARN_STRICT_PROTOTYPES = YES;
				CLANG_WARN_SUSPICIOUS_MOVE = YES;
				CLANG_WARN_UNGUARDED_AVAILABILITY = YES_AGGRESSIVE;
				CLANG_WARN_UNREACHABLE_CODE = YES;
				CLANG_WARN__DUPLICATE_METHOD_MATCH = YES;
				COPY_PHASE_STRIP = NO;
				DEBUG_INFORMATION_FORMAT = dwarf;
				ENABLE_STRICT_OBJC_MSGSEND = YES;
				ENABLE_TESTABILITY = YES;
				GCC_C_LANGUAGE_STANDARD = gnu11;
				GCC_DYNAMIC_NO_PIC = NO;
				GCC_NO_COMMON_BLOCKS = YES;
				GCC_OPTIMIZATION_LEVEL = 0;
				GCC_PREPROCESSOR_DEFINITIONS = (
					"DEBUG=1",
					"$(inherited)",
				);
				GCC_WARN_64_TO_32_BIT_CONVERSION = YES;
				GCC_WARN_ABOUT_RETURN_TYPE = YES_ERROR;
				GCC_WARN_UNDECLARED_SELECTOR = YES;
				GCC_WARN_UNINITIALIZED_AUTOS = YES_AGGRESSIVE;
				GCC_WARN_UNUSED_FUNCTION = YES;
				GCC_WARN_UNUSED_VARIABLE = YES;
				MACOSX_DEPLOYMENT_TARGET = 10.15;
				MTL_ENABLE_DEBUG_INFO = INCLUDE_SOURCE;
				MTL_FAST_MATH = YES;
				ONLY_ACTIVE_ARCH = YES;
				SDKROOT = macosx;
				SWIFT_ACTIVE_COMPILATION_CONDITIONS = DEBUG;
				SWIFT_OPTIMIZATION_LEVEL = "-Onone";
			};
			name = Debug;
		};
		D8D184B6251A35BF008BBEE3 /* Release */ = {
			isa = XCBuildConfiguration;
			buildSettings = {
				ALWAYS_SEARCH_USER_PATHS = NO;
				CLANG_ANALYZER_NONNULL = YES;
				CLANG_ANALYZER_NUMBER_OBJECT_CONVERSION = YES_AGGRESSIVE;
				CLANG_CXX_LANGUAGE_STANDARD = "gnu++14";
				CLANG_CXX_LIBRARY = "libc++";
				CLANG_ENABLE_MODULES = YES;
				CLANG_ENABLE_OBJC_ARC = YES;
				CLANG_ENABLE_OBJC_WEAK = YES;
				CLANG_WARN_BLOCK_CAPTURE_AUTORELEASING = YES;
				CLANG_WARN_BOOL_CONVERSION = YES;
				CLANG_WARN_COMMA = YES;
				CLANG_WARN_CONSTANT_CONVERSION = YES;
				CLANG_WARN_DEPRECATED_OBJC_IMPLEMENTATIONS = YES;
				CLANG_WARN_DIRECT_OBJC_ISA_USAGE = YES_ERROR;
				CLANG_WARN_DOCUMENTATION_COMMENTS = YES;
				CLANG_WARN_EMPTY_BODY = YES;
				CLANG_WARN_ENUM_CONVERSION = YES;
				CLANG_WARN_INFINITE_RECURSION = YES;
				CLANG_WARN_INT_CONVERSION = YES;
				CLANG_WARN_NON_LITERAL_NULL_CONVERSION = YES;
				CLANG_WARN_OBJC_IMPLICIT_RETAIN_SELF = YES;
				CLANG_WARN_OBJC_LITERAL_CONVERSION = YES;
				CLANG_WARN_OBJC_ROOT_CLASS = YES_ERROR;
				CLANG_WARN_RANGE_LOOP_ANALYSIS = YES;
				CLANG_WARN_STRICT_PROTOTYPES = YES;
				CLANG_WARN_SUSPICIOUS_MOVE = YES;
				CLANG_WARN_UNGUARDED_AVAILABILITY = YES_AGGRESSIVE;
				CLANG_WARN_UNREACHABLE_CODE = YES;
				CLANG_WARN__DUPLICATE_METHOD_MATCH = YES;
				COPY_PHASE_STRIP = NO;
				DEBUG_INFORMATION_FORMAT = "dwarf-with-dsym";
				ENABLE_NS_ASSERTIONS = NO;
				ENABLE_STRICT_OBJC_MSGSEND = YES;
				GCC_C_LANGUAGE_STANDARD = gnu11;
				GCC_NO_COMMON_BLOCKS = YES;
				GCC_WARN_64_TO_32_BIT_CONVERSION = YES;
				GCC_WARN_ABOUT_RETURN_TYPE = YES_ERROR;
				GCC_WARN_UNDECLARED_SELECTOR = YES;
				GCC_WARN_UNINITIALIZED_AUTOS = YES_AGGRESSIVE;
				GCC_WARN_UNUSED_FUNCTION = YES;
				GCC_WARN_UNUSED_VARIABLE = YES;
				MACOSX_DEPLOYMENT_TARGET = 10.15;
				MTL_ENABLE_DEBUG_INFO = NO;
				MTL_FAST_MATH = YES;
				SDKROOT = macosx;
				SWIFT_COMPILATION_MODE = wholemodule;
				SWIFT_OPTIMIZATION_LEVEL = "-O";
			};
			name = Release;
		};
		D8D184B8251A35BF008BBEE3 /* Debug */ = {
			isa = XCBuildConfiguration;
			buildSettings = {
				ASSETCATALOG_COMPILER_APPICON_NAME = AppIcon;
				CODE_SIGN_ENTITLEMENTS = VIB3/VIB3.entitlements;
				CODE_SIGN_IDENTITY = "Apple Development";
				CODE_SIGN_STYLE = Automatic;
				COMBINE_HIDPI_IMAGES = YES;
				DEVELOPMENT_TEAM = ZP8R746888;
				INFOPLIST_FILE = VIB3/Info.plist;
				LD_RUNPATH_SEARCH_PATHS = (
					"$(inherited)",
					"@executable_path/../Frameworks",
				);
				MACOSX_DEPLOYMENT_TARGET = 10.15;
				PRODUCT_BUNDLE_IDENTIFIER = com.VIB3;
				PRODUCT_NAME = "$(TARGET_NAME)";
				SWIFT_VERSION = 5.0;
			};
			name = Debug;
		};
		D8D184B9251A35BF008BBEE3 /* Release */ = {
			isa = XCBuildConfiguration;
			buildSettings = {
				ASSETCATALOG_COMPILER_APPICON_NAME = AppIcon;
				CODE_SIGN_ENTITLEMENTS = VIB3/VIB3.entitlements;
				CODE_SIGN_IDENTITY = "Apple Development";
				CODE_SIGN_STYLE = Automatic;
				COMBINE_HIDPI_IMAGES = YES;
				DEVELOPMENT_TEAM = ZP8R746888;
				INFOPLIST_FILE = VIB3/Info.plist;
				LD_RUNPATH_SEARCH_PATHS = (
					"$(inherited)",
					"@executable_path/../Frameworks",
				);
				MACOSX_DEPLOYMENT_TARGET = 10.15;
				PRODUCT_BUNDLE_IDENTIFIER = com.VIB3;
				PRODUCT_NAME = "$(TARGET_NAME)";
				SWIFT_VERSION = 5.0;
			};
			name = Release;
		};
		D8D184BB251A35BF008BBEE3 /* Debug */ = {
			isa = XCBuildConfiguration;
			buildSettings = {
				ALWAYS_EMBED_SWIFT_STANDARD_LIBRARIES = YES;
				BUNDLE_LOADER = "$(TEST_HOST)";
				CODE_SIGN_STYLE = Automatic;
				COMBINE_HIDPI_IMAGES = YES;
				DEVELOPMENT_TEAM = ZP8R746888;
				INFOPLIST_FILE = VIB3Tests/Info.plist;
				LD_RUNPATH_SEARCH_PATHS = (
					"$(inherited)",
					"@executable_path/../Frameworks",
					"@loader_path/../Frameworks",
				);
				MACOSX_DEPLOYMENT_TARGET = 10.15;
				PRODUCT_BUNDLE_IDENTIFIER = com.VIB3Tests;
				PRODUCT_NAME = "$(TARGET_NAME)";
				SWIFT_VERSION = 5.0;
				TEST_HOST = "$(BUILT_PRODUCTS_DIR)/VIB3.app/Contents/MacOS/VIB3";
			};
			name = Debug;
		};
		D8D184BC251A35BF008BBEE3 /* Release */ = {
			isa = XCBuildConfiguration;
			buildSettings = {
				ALWAYS_EMBED_SWIFT_STANDARD_LIBRARIES = YES;
				BUNDLE_LOADER = "$(TEST_HOST)";
				CODE_SIGN_STYLE = Automatic;
				COMBINE_HIDPI_IMAGES = YES;
				DEVELOPMENT_TEAM = ZP8R746888;
				INFOPLIST_FILE = VIB3Tests/Info.plist;
				LD_RUNPATH_SEARCH_PATHS = (
					"$(inherited)",
					"@executable_path/../Frameworks",
					"@loader_path/../Frameworks",
				);
				MACOSX_DEPLOYMENT_TARGET = 10.15;
				PRODUCT_BUNDLE_IDENTIFIER = com.VIB3Tests;
				PRODUCT_NAME = "$(TARGET_NAME)";
				SWIFT_VERSION = 5.0;
				TEST_HOST = "$(BUILT_PRODUCTS_DIR)/VIB3.app/Contents/MacOS/VIB3";
			};
			name = Release;
		};
		D8D184BE251A35BF008BBEE3 /* Debug */ = {
			isa = XCBuildConfiguration;
			buildSettings = {
				ALWAYS_EMBED_SWIFT_STANDARD_LIBRARIES = YES;
				CODE_SIGN_STYLE = Automatic;
				COMBINE_HIDPI_IMAGES = YES;
				DEVELOPMENT_TEAM = ZP8R746888;
				INFOPLIST_FILE = VIB3UITests/Info.plist;
				LD_RUNPATH_SEARCH_PATHS = (
					"$(inherited)",
					"@executable_path/../Frameworks",
					"@loader_path/../Frameworks",
				);
				PRODUCT_BUNDLE_IDENTIFIER = com.VIB3UITests;
				PRODUCT_NAME = "$(TARGET_NAME)";
				SWIFT_VERSION = 5.0;
				TEST_TARGET_NAME = VIB3;
			};
			name = Debug;
		};
		D8D184BF251A35BF008BBEE3 /* Release */ = {
			isa = XCBuildConfiguration;
			buildSettings = {
				ALWAYS_EMBED_SWIFT_STANDARD_LIBRARIES = YES;
				CODE_SIGN_STYLE = Automatic;
				COMBINE_HIDPI_IMAGES = YES;
				DEVELOPMENT_TEAM = ZP8R746888;
				INFOPLIST_FILE = VIB3UITests/Info.plist;
				LD_RUNPATH_SEARCH_PATHS = (
					"$(inherited)",
					"@executable_path/../Frameworks",
					"@loader_path/../Frameworks",
				);
				PRODUCT_BUNDLE_IDENTIFIER = com.VIB3UITests;
				PRODUCT_NAME = "$(TARGET_NAME)";
				SWIFT_VERSION = 5.0;
				TEST_TARGET_NAME = VIB3;
			};
			name = Release;
		};
/* End XCBuildConfiguration section */

/* Begin XCConfigurationList section */
		D8D18489251A35B5008BBEE3 /* Build configuration list for PBXProject "VIB3" */ = {
			isa = XCConfigurationList;
			buildConfigurations = (
				D8D184B5251A35BF008BBEE3 /* Debug */,
				D8D184B6251A35BF008BBEE3 /* Release */,
			);
			defaultConfigurationIsVisible = 0;
			defaultConfigurationName = Release;
		};
		D8D184B7251A35BF008BBEE3 /* Build configuration list for PBXNativeTarget "VIB3" */ = {
			isa = XCConfigurationList;
			buildConfigurations = (
				D8D184B8251A35BF008BBEE3 /* Debug */,
				D8D184B9251A35BF008BBEE3 /* Release */,
			);
			defaultConfigurationIsVisible = 0;
			defaultConfigurationName = Release;
		};
		D8D184BA251A35BF008BBEE3 /* Build configuration list for PBXNativeTarget "VIB3Tests" */ = {
			isa = XCConfigurationList;
			buildConfigurations = (
				D8D184BB251A35BF008BBEE3 /* Debug */,
				D8D184BC251A35BF008BBEE3 /* Release */,
			);
			defaultConfigurationIsVisible = 0;
			defaultConfigurationName = Release;
		};
		D8D184BD251A35BF008BBEE3 /* Build configuration list for PBXNativeTarget "VIB3UITests" */ = {
			isa = XCConfigurationList;
			buildConfigurations = (
				D8D184BE251A35BF008BBEE3 /* Debug */,
				D8D184BF251A35BF008BBEE3 /* Release */,
			);
			defaultConfigurationIsVisible = 0;
			defaultConfigurationName = Release;
		};
/* End XCConfigurationList section */

/* Begin XCVersionGroup section */
		D8D18495251A35B5008BBEE3 /* VIB3.xcdatamodeld */ = {
			isa = XCVersionGroup;
			children = (
				D8D18496251A35B5008BBEE3 /* VIB3.xcdatamodel */,
			);
			currentVersion = D8D18496251A35B5008BBEE3 /* VIB3.xcdatamodel */;
			path = VIB3.xcdatamodeld;
			sourceTree = "<group>";
			versionGroupType = wrapper.xcdatamodel;
		};
/* End XCVersionGroup section */
	};
	rootObject = D8D18486251A35B5008BBEE3 /* Project object */;
}
